
Microsoft Visual Studio Solution File, Format Version 12.00
# Visual Studio Version 17
VisualStudioVersion = 17.10.34928.147
MinimumVisualStudioVersion = 10.0.40219.1
Project("{FAE04EC0-301F-11D3-BF4B-00C04F79EFBC}") = "ListHandling", "ListHandling\ListHandling.csproj", "{942DBE22-3780-403D-991D-981C63D48E44}"
EndProject
Global
	GlobalSection(SolutionConfigurationPlatforms) = preSolution
		Debug|Any CPU = Debug|Any CPU
		Release|Any CPU = Release|Any CPU
	EndGlobalSection
	GlobalSection(ProjectConfigurationPlatforms) = postSolution
		{942DBE22-3780-403D-991D-981C63D48E44}.Debug|Any CPU.ActiveCfg = Debug|Any CPU
		{942DBE22-3780-403D-991D-981C63D48E44}.Debug|Any CPU.Build.0 = Debug|Any CPU
		{942DBE22-3780-403D-991D-981C63D48E44}.Release|Any CPU.ActiveCfg = Release|Any CPU
		{942DBE22-3780-403D-991D-981C63D48E44}.Release|Any CPU.Build.0 = Release|Any CPU
	EndGlobalSection
	GlobalSection(SolutionProperties) = preSolution
		HideSolutionNode = FALSE
	EndGlobalSection
	GlobalSection(ExtensibilityGlobals) = postSolution
		SolutionGuid = {D7E6C98C-5A71-4AF7-877C-D94373139DFF}
	EndGlobalSection
EndGlobal
